
Microsoft Visual Studio Solution File, Format Version 12.00
# Visual Studio Version 16
VisualStudioVersion = 16.0.32802.440
MinimumVisualStudioVersion = 10.0.40219.1
Project("{FAE04EC0-301F-11D3-BF4B-00C04F79EFBC}") = "IviReadWaveformExample", "IviReadWaveformExample.csproj", "{F9B1F6CD-084A-444E-8038-1AC71722DFE7}"
EndProject
Global
	GlobalSection(SolutionConfigurationPlatforms) = preSolution
		Debug|Any CPU = Debug|Any CPU
		Release|Any CPU = Release|Any CPU
	EndGlobalSection
	GlobalSection(ProjectConfigurationPlatforms) = postSolution
		{F9B1F6CD-084A-444E-8038-1AC71722DFE7}.Debug|Any CPU.ActiveCfg = Debug|Any CPU
		{F9B1F6CD-084A-444E-8038-1AC71722DFE7}.Debug|Any CPU.Build.0 = Debug|Any CPU
		{F9B1F6CD-084A-444E-8038-1AC71722DFE7}.Release|Any CPU.ActiveCfg = Release|Any CPU
		{F9B1F6CD-084A-444E-8038-1AC71722DFE7}.Release|Any CPU.Build.0 = Release|Any CPU
	EndGlobalSection
	GlobalSection(SolutionProperties) = preSolution
		HideSolutionNode = FALSE
	EndGlobalSection
	GlobalSection(ExtensibilityGlobals) = postSolution
		SolutionGuid = {CB278D8B-BD6A-4A8D-A77C-6708BA9EED89}
	EndGlobalSection
EndGlobal
