
Microsoft Visual Studio Solution File, Format Version 12.00
# Visual Studio Version 16
VisualStudioVersion = 16.0.30503.244
MinimumVisualStudioVersion = 10.0.40219.1
Project("{FAE04EC0-301F-11D3-BF4B-00C04F79EFBC}") = "RsSmbv_MultiRepCapExample", "RsSmbv_MultiRepCapExample.csproj", "{20B44B78-B799-491C-9ECE-5A6753EA6D8E}"
EndProject
Global
	GlobalSection(SolutionConfigurationPlatforms) = preSolution
		Debug|Any CPU = Debug|Any CPU
		Release|Any CPU = Release|Any CPU
	EndGlobalSection
	GlobalSection(ProjectConfigurationPlatforms) = postSolution
		{20B44B78-B799-491C-9ECE-5A6753EA6D8E}.Debug|Any CPU.ActiveCfg = Debug|Any CPU
		{20B44B78-B799-491C-9ECE-5A6753EA6D8E}.Debug|Any CPU.Build.0 = Debug|Any CPU
		{20B44B78-B799-491C-9ECE-5A6753EA6D8E}.Release|Any CPU.ActiveCfg = Release|Any CPU
		{20B44B78-B799-491C-9ECE-5A6753EA6D8E}.Release|Any CPU.Build.0 = Release|Any CPU
	EndGlobalSection
	GlobalSection(SolutionProperties) = preSolution
		HideSolutionNode = FALSE
	EndGlobalSection
	GlobalSection(ExtensibilityGlobals) = postSolution
		SolutionGuid = {11855446-A081-4E19-8A1D-AD79C1F84E3A}
	EndGlobalSection
EndGlobal
