
Microsoft Visual Studio Solution File, Format Version 12.00
# Visual Studio Version 16
VisualStudioVersion = 16.0.30523.141
MinimumVisualStudioVersion = 10.0.40219.1
Project("{FAE04EC0-301F-11D3-BF4B-00C04F79EFBC}") = "RsFsw_HardcopySaveRecall_Example", "RsFsw_HardcopySaveRecall_Example.csproj", "{AB1D11E6-8DC7-43A8-935C-E8BA870EC0A3}"
EndProject
Global
	GlobalSection(SolutionConfigurationPlatforms) = preSolution
		Debug|Any CPU = Debug|Any CPU
		Release|Any CPU = Release|Any CPU
	EndGlobalSection
	GlobalSection(ProjectConfigurationPlatforms) = postSolution
		{AB1D11E6-8DC7-43A8-935C-E8BA870EC0A3}.Debug|Any CPU.ActiveCfg = Debug|Any CPU
		{AB1D11E6-8DC7-43A8-935C-E8BA870EC0A3}.Debug|Any CPU.Build.0 = Debug|Any CPU
		{AB1D11E6-8DC7-43A8-935C-E8BA870EC0A3}.Release|Any CPU.ActiveCfg = Release|Any CPU
		{AB1D11E6-8DC7-43A8-935C-E8BA870EC0A3}.Release|Any CPU.Build.0 = Release|Any CPU
	EndGlobalSection
	GlobalSection(SolutionProperties) = preSolution
		HideSolutionNode = FALSE
	EndGlobalSection
	GlobalSection(ExtensibilityGlobals) = postSolution
		SolutionGuid = {A92808DA-C139-469F-B7E0-89A7D22AF2EA}
	EndGlobalSection
EndGlobal
