
Microsoft Visual Studio Solution File, Format Version 12.00
# Visual Studio Version 17
VisualStudioVersion = 17.11.35327.3
MinimumVisualStudioVersion = 10.0.40219.1
Project("{FAE04EC0-301F-11D3-BF4B-00C04F79EFBC}") = "RsInstrument_Vna_Example", "RsInstrument_Vna_Example.csproj", "{B723E225-8C9A-4C7C-85C3-E6D0E2CAA4B1}"
EndProject
Global
	GlobalSection(SolutionConfigurationPlatforms) = preSolution
		Debug|Any CPU = Debug|Any CPU
		Release|Any CPU = Release|Any CPU
	EndGlobalSection
	GlobalSection(ProjectConfigurationPlatforms) = postSolution
		{B723E225-8C9A-4C7C-85C3-E6D0E2CAA4B1}.Debug|Any CPU.ActiveCfg = Debug|Any CPU
		{B723E225-8C9A-4C7C-85C3-E6D0E2CAA4B1}.Debug|Any CPU.Build.0 = Debug|Any CPU
		{B723E225-8C9A-4C7C-85C3-E6D0E2CAA4B1}.Release|Any CPU.ActiveCfg = Release|Any CPU
		{B723E225-8C9A-4C7C-85C3-E6D0E2CAA4B1}.Release|Any CPU.Build.0 = Release|Any CPU
	EndGlobalSection
	GlobalSection(SolutionProperties) = preSolution
		HideSolutionNode = FALSE
	EndGlobalSection
	GlobalSection(ExtensibilityGlobals) = postSolution
		SolutionGuid = {4FF42065-5D18-40D3-9BF3-D2624F870AFE}
	EndGlobalSection
EndGlobal
