
Microsoft Visual Studio Solution File, Format Version 12.00
# Visual Studio Version 16
VisualStudioVersion = 16.0.30523.141
MinimumVisualStudioVersion = 10.0.40219.1
Project("{FAE04EC0-301F-11D3-BF4B-00C04F79EFBC}") = "RsNgx_Hardcopy_Examples", "RsNgx_Hardcopy_Examples.csproj", "{CEC549DD-752E-4E84-89B4-B7C4EEFC2A5A}"
EndProject
Global
	GlobalSection(SolutionConfigurationPlatforms) = preSolution
		Debug|Any CPU = Debug|Any CPU
		Release|Any CPU = Release|Any CPU
	EndGlobalSection
	GlobalSection(ProjectConfigurationPlatforms) = postSolution
		{CEC549DD-752E-4E84-89B4-B7C4EEFC2A5A}.Debug|Any CPU.ActiveCfg = Debug|Any CPU
		{CEC549DD-752E-4E84-89B4-B7C4EEFC2A5A}.Debug|Any CPU.Build.0 = Debug|Any CPU
		{CEC549DD-752E-4E84-89B4-B7C4EEFC2A5A}.Release|Any CPU.ActiveCfg = Release|Any CPU
		{CEC549DD-752E-4E84-89B4-B7C4EEFC2A5A}.Release|Any CPU.Build.0 = Release|Any CPU
	EndGlobalSection
	GlobalSection(SolutionProperties) = preSolution
		HideSolutionNode = FALSE
	EndGlobalSection
	GlobalSection(ExtensibilityGlobals) = postSolution
		SolutionGuid = {A15A695B-9A15-41F3-8602-C9DD44A9CAAB}
	EndGlobalSection
EndGlobal
