
Microsoft Visual Studio Solution File, Format Version 12.00
# Visual Studio Version 16
VisualStudioVersion = 16.0.30523.141
MinimumVisualStudioVersion = 10.0.40219.1
Project("{FAE04EC0-301F-11D3-BF4B-00C04F79EFBC}") = "RsSmab_FileTransferWithProgress_Example", "RsSmab_FileTransferWithProgress_Example.csproj", "{1D3FF2D2-25C8-410B-B3FA-E8D9AB1F1EF2}"
EndProject
Global
	GlobalSection(SolutionConfigurationPlatforms) = preSolution
		Debug|Any CPU = Debug|Any CPU
		Release|Any CPU = Release|Any CPU
	EndGlobalSection
	GlobalSection(ProjectConfigurationPlatforms) = postSolution
		{1D3FF2D2-25C8-410B-B3FA-E8D9AB1F1EF2}.Debug|Any CPU.ActiveCfg = Debug|Any CPU
		{1D3FF2D2-25C8-410B-B3FA-E8D9AB1F1EF2}.Debug|Any CPU.Build.0 = Debug|Any CPU
		{1D3FF2D2-25C8-410B-B3FA-E8D9AB1F1EF2}.Release|Any CPU.ActiveCfg = Release|Any CPU
		{1D3FF2D2-25C8-410B-B3FA-E8D9AB1F1EF2}.Release|Any CPU.Build.0 = Release|Any CPU
	EndGlobalSection
	GlobalSection(SolutionProperties) = preSolution
		HideSolutionNode = FALSE
	EndGlobalSection
	GlobalSection(ExtensibilityGlobals) = postSolution
		SolutionGuid = {19DFBC05-9053-4804-B844-DCB43C934497}
	EndGlobalSection
EndGlobal
