
Microsoft Visual Studio Solution File, Format Version 12.00
# Visual Studio Version 16
VisualStudioVersion = 16.0.32802.440
MinimumVisualStudioVersion = 10.0.40219.1
Project("{9A19103F-16F7-4668-BE54-9A1E7A4F7556}") = "RsInstrument_NRP-ZxxTrace_Example", "RsInstrument_NRP-ZxxTrace_Example.csproj", "{8192C325-DBE6-4EB1-BAEC-17E923783C7C}"
EndProject
Global
	GlobalSection(SolutionConfigurationPlatforms) = preSolution
		Debug|Any CPU = Debug|Any CPU
		Release|Any CPU = Release|Any CPU
	EndGlobalSection
	GlobalSection(ProjectConfigurationPlatforms) = postSolution
		{8192C325-DBE6-4EB1-BAEC-17E923783C7C}.Debug|Any CPU.ActiveCfg = Debug|Any CPU
		{8192C325-DBE6-4EB1-BAEC-17E923783C7C}.Debug|Any CPU.Build.0 = Debug|Any CPU
		{8192C325-DBE6-4EB1-BAEC-17E923783C7C}.Release|Any CPU.ActiveCfg = Release|Any CPU
		{8192C325-DBE6-4EB1-BAEC-17E923783C7C}.Release|Any CPU.Build.0 = Release|Any CPU
	EndGlobalSection
	GlobalSection(SolutionProperties) = preSolution
		HideSolutionNode = FALSE
	EndGlobalSection
	GlobalSection(ExtensibilityGlobals) = postSolution
		SolutionGuid = {6F257FF7-E1BC-43BC-B7A2-4C05CDEE8721}
	EndGlobalSection
EndGlobal
