
Microsoft Visual Studio Solution File, Format Version 12.00
# Visual Studio Version 16
VisualStudioVersion = 16.0.30523.141
MinimumVisualStudioVersion = 10.0.40219.1
Project("{FAE04EC0-301F-11D3-BF4B-00C04F79EFBC}") = "RsZnx_S2p-File_Copy_To_PC", "RsZnx_S2p-File_Copy_To_PC.csproj", "{5434C7CB-0113-4E26-8B80-D8410CC521E6}"
EndProject
Global
	GlobalSection(SolutionConfigurationPlatforms) = preSolution
		Debug|Any CPU = Debug|Any CPU
		Release|Any CPU = Release|Any CPU
	EndGlobalSection
	GlobalSection(ProjectConfigurationPlatforms) = postSolution
		{5434C7CB-0113-4E26-8B80-D8410CC521E6}.Debug|Any CPU.ActiveCfg = Debug|Any CPU
		{5434C7CB-0113-4E26-8B80-D8410CC521E6}.Debug|Any CPU.Build.0 = Debug|Any CPU
		{5434C7CB-0113-4E26-8B80-D8410CC521E6}.Release|Any CPU.ActiveCfg = Release|Any CPU
		{5434C7CB-0113-4E26-8B80-D8410CC521E6}.Release|Any CPU.Build.0 = Release|Any CPU
	EndGlobalSection
	GlobalSection(SolutionProperties) = preSolution
		HideSolutionNode = FALSE
	EndGlobalSection
	GlobalSection(ExtensibilityGlobals) = postSolution
		SolutionGuid = {2A088689-D15C-472C-8B5B-53A8336E08D0}
	EndGlobalSection
EndGlobal
