
Microsoft Visual Studio Solution File, Format Version 12.00
# Visual Studio Version 16
VisualStudioVersion = 16.0.32802.440
MinimumVisualStudioVersion = 10.0.40219.1
Project("{9A19103F-16F7-4668-BE54-9A1E7A4F7556}") = "RsInstrument_RTO2000_SrqEvent_Example", "RsInstrument_RTO2000_SrqEvent_Example.csproj", "{20F63F40-436F-44E7-8B0D-696448E37B75}"
EndProject
Global
	GlobalSection(SolutionConfigurationPlatforms) = preSolution
		Debug|Any CPU = Debug|Any CPU
		Release|Any CPU = Release|Any CPU
	EndGlobalSection
	GlobalSection(ProjectConfigurationPlatforms) = postSolution
		{20F63F40-436F-44E7-8B0D-696448E37B75}.Debug|Any CPU.ActiveCfg = Debug|Any CPU
		{20F63F40-436F-44E7-8B0D-696448E37B75}.Debug|Any CPU.Build.0 = Debug|Any CPU
		{20F63F40-436F-44E7-8B0D-696448E37B75}.Release|Any CPU.ActiveCfg = Release|Any CPU
		{20F63F40-436F-44E7-8B0D-696448E37B75}.Release|Any CPU.Build.0 = Release|Any CPU
	EndGlobalSection
	GlobalSection(SolutionProperties) = preSolution
		HideSolutionNode = FALSE
	EndGlobalSection
	GlobalSection(ExtensibilityGlobals) = postSolution
		SolutionGuid = {8A49E924-075A-448D-9534-37F64D954661}
	EndGlobalSection
EndGlobal
