
Microsoft Visual Studio Solution File, Format Version 12.00
# Visual Studio Version 16
VisualStudioVersion = 16.0.32802.440
MinimumVisualStudioVersion = 10.0.40219.1
Project("{9A19103F-16F7-4668-BE54-9A1E7A4F7556}") = "RsInstrument_RTO2000_Example", "RsInstrument_RTO2000_Example.csproj", "{EAFCFD45-C824-40DA-854F-EAEAB9E3338A}"
EndProject
Global
	GlobalSection(SolutionConfigurationPlatforms) = preSolution
		Debug|Any CPU = Debug|Any CPU
		Release|Any CPU = Release|Any CPU
	EndGlobalSection
	GlobalSection(ProjectConfigurationPlatforms) = postSolution
		{EAFCFD45-C824-40DA-854F-EAEAB9E3338A}.Debug|Any CPU.ActiveCfg = Debug|Any CPU
		{EAFCFD45-C824-40DA-854F-EAEAB9E3338A}.Debug|Any CPU.Build.0 = Debug|Any CPU
		{EAFCFD45-C824-40DA-854F-EAEAB9E3338A}.Release|Any CPU.ActiveCfg = Release|Any CPU
		{EAFCFD45-C824-40DA-854F-EAEAB9E3338A}.Release|Any CPU.Build.0 = Release|Any CPU
	EndGlobalSection
	GlobalSection(SolutionProperties) = preSolution
		HideSolutionNode = FALSE
	EndGlobalSection
	GlobalSection(ExtensibilityGlobals) = postSolution
		SolutionGuid = {5FA6A7B0-6D76-4C95-AB48-893DDBC8FAD4}
	EndGlobalSection
EndGlobal
