
Microsoft Visual Studio Solution File, Format Version 12.00
# Visual Studio Version 17
VisualStudioVersion = 17.14.37012.4 d17.14
MinimumVisualStudioVersion = 10.0.40219.1
Project("{FAE04EC0-301F-11D3-BF4B-00C04F79EFBC}") = "RsRtx_Get_Waveform_Data_CH1", "RsRtx_Get_Waveform_Data_CH1.csproj", "{9EB9D2B4-1DA9-475C-ACE3-32697844CE8F}"
EndProject
Global
	GlobalSection(SolutionConfigurationPlatforms) = preSolution
		Debug|Any CPU = Debug|Any CPU
		Release|Any CPU = Release|Any CPU
	EndGlobalSection
	GlobalSection(ProjectConfigurationPlatforms) = postSolution
		{9EB9D2B4-1DA9-475C-ACE3-32697844CE8F}.Debug|Any CPU.ActiveCfg = Debug|Any CPU
		{9EB9D2B4-1DA9-475C-ACE3-32697844CE8F}.Debug|Any CPU.Build.0 = Debug|Any CPU
		{9EB9D2B4-1DA9-475C-ACE3-32697844CE8F}.Release|Any CPU.ActiveCfg = Release|Any CPU
		{9EB9D2B4-1DA9-475C-ACE3-32697844CE8F}.Release|Any CPU.Build.0 = Release|Any CPU
	EndGlobalSection
	GlobalSection(SolutionProperties) = preSolution
		HideSolutionNode = FALSE
	EndGlobalSection
	GlobalSection(ExtensibilityGlobals) = postSolution
		SolutionGuid = {E4620CD9-9D0F-4C5B-AEAA-D80EE6160AC1}
	EndGlobalSection
EndGlobal
