
Microsoft Visual Studio Solution File, Format Version 12.00
# Visual Studio Version 16
VisualStudioVersion = 16.0.30523.141
MinimumVisualStudioVersion = 10.0.40219.1
Project("{FAE04EC0-301F-11D3-BF4B-00C04F79EFBC}") = "RsSgt_ComposeAndLoadWaveform_Example", "RsSgt_ComposeAndLoadWaveform_Example.csproj", "{EDC2C240-4BC3-4FEA-A017-31CB381ED23C}"
EndProject
Global
	GlobalSection(SolutionConfigurationPlatforms) = preSolution
		Debug|Any CPU = Debug|Any CPU
		Release|Any CPU = Release|Any CPU
	EndGlobalSection
	GlobalSection(ProjectConfigurationPlatforms) = postSolution
		{EDC2C240-4BC3-4FEA-A017-31CB381ED23C}.Debug|Any CPU.ActiveCfg = Debug|Any CPU
		{EDC2C240-4BC3-4FEA-A017-31CB381ED23C}.Debug|Any CPU.Build.0 = Debug|Any CPU
		{EDC2C240-4BC3-4FEA-A017-31CB381ED23C}.Release|Any CPU.ActiveCfg = Release|Any CPU
		{EDC2C240-4BC3-4FEA-A017-31CB381ED23C}.Release|Any CPU.Build.0 = Release|Any CPU
	EndGlobalSection
	GlobalSection(SolutionProperties) = preSolution
		HideSolutionNode = FALSE
	EndGlobalSection
	GlobalSection(ExtensibilityGlobals) = postSolution
		SolutionGuid = {F23ED4C1-77B0-4C42-9DE9-8E042AB98053}
	EndGlobalSection
EndGlobal
