
Microsoft Visual Studio Solution File, Format Version 12.00
# Visual Studio Version 16
VisualStudioVersion = 16.0.32802.440
MinimumVisualStudioVersion = 10.0.40219.1
Project("{FAE04EC0-301F-11D3-BF4B-00C04F79EFBC}") = "RsFsw-RsSmw_IQ_capture_playback", "RsFsw-RsSmw_IQ_capture_playback.csproj", "{7B27AEC4-A62A-41BE-A9BB-4BB7EFC0F928}"
EndProject
Global
	GlobalSection(SolutionConfigurationPlatforms) = preSolution
		Debug|Any CPU = Debug|Any CPU
		Release|Any CPU = Release|Any CPU
	EndGlobalSection
	GlobalSection(ProjectConfigurationPlatforms) = postSolution
		{7B27AEC4-A62A-41BE-A9BB-4BB7EFC0F928}.Debug|Any CPU.ActiveCfg = Debug|Any CPU
		{7B27AEC4-A62A-41BE-A9BB-4BB7EFC0F928}.Debug|Any CPU.Build.0 = Debug|Any CPU
		{7B27AEC4-A62A-41BE-A9BB-4BB7EFC0F928}.Release|Any CPU.ActiveCfg = Release|Any CPU
		{7B27AEC4-A62A-41BE-A9BB-4BB7EFC0F928}.Release|Any CPU.Build.0 = Release|Any CPU
	EndGlobalSection
	GlobalSection(SolutionProperties) = preSolution
		HideSolutionNode = FALSE
	EndGlobalSection
	GlobalSection(ExtensibilityGlobals) = postSolution
		SolutionGuid = {86D508DB-4D95-4425-A11B-08B70252F0A8}
	EndGlobalSection
EndGlobal
