
Microsoft Visual Studio Solution File, Format Version 12.00
# Visual Studio Version 16
VisualStudioVersion = 16.0.30523.141
MinimumVisualStudioVersion = 10.0.40219.1
Project("{FAE04EC0-301F-11D3-BF4B-00C04F79EFBC}") = "RsZnx_Segmented_Sweep", "RsZnx_Segmented_Sweep.csproj", "{643DAA13-2318-4CBC-91BD-2A283A566F0C}"
EndProject
Global
	GlobalSection(SolutionConfigurationPlatforms) = preSolution
		Debug|Any CPU = Debug|Any CPU
		Release|Any CPU = Release|Any CPU
	EndGlobalSection
	GlobalSection(ProjectConfigurationPlatforms) = postSolution
		{643DAA13-2318-4CBC-91BD-2A283A566F0C}.Debug|Any CPU.ActiveCfg = Debug|Any CPU
		{643DAA13-2318-4CBC-91BD-2A283A566F0C}.Debug|Any CPU.Build.0 = Debug|Any CPU
		{643DAA13-2318-4CBC-91BD-2A283A566F0C}.Release|Any CPU.ActiveCfg = Release|Any CPU
		{643DAA13-2318-4CBC-91BD-2A283A566F0C}.Release|Any CPU.Build.0 = Release|Any CPU
	EndGlobalSection
	GlobalSection(SolutionProperties) = preSolution
		HideSolutionNode = FALSE
	EndGlobalSection
	GlobalSection(ExtensibilityGlobals) = postSolution
		SolutionGuid = {E128E00F-B523-4145-BEAE-50E18DA4EB15}
	EndGlobalSection
EndGlobal
